dependencies:
- name: common
  repository: https://charts.bitnami.com/bitnami
  version: 1.11.1
- name: cassandra
  repository: https://charts.bitnami.com/bitnami
  version: 7.7.3
- name: mysql
  repository: https://charts.bitnami.com/bitnami
  version: 8.8.25
- name: mysql
  repository: https://charts.bitnami.com/bitnami
  version: 8.8.25
- name: redis
  repository: https://charts.bitnami.com/bitnami
  version: 15.7.6
digest: sha256:4383710a53a8d04978bbb9623ae52746dd4939f4ec77d970f0d9caeabec98465
generated: "2022-02-23T13:48:51.033976+01:00"
