dependencies:
- name: common
  repository: https://charts.bitnami.com/bitnami
  version: 1.17.1
- name: cassandra
  repository: https://raw.githubusercontent.com/bitnami/charts/pre-2022/bitnami
  version: 7.7.2
- name: mysql
  repository: https://raw.githubusercontent.com/bitnami/charts/pre-2022/bitnami
  version: 8.9.6
- name: mysql
  repository: https://raw.githubusercontent.com/bitnami/charts/pre-2022/bitnami
  version: 8.9.6
- name: redis
  repository: https://raw.githubusercontent.com/bitnami/charts/pre-2022/bitnami
  version: 15.7.6
digest: sha256:7ce27998c1a4d6c1a10b814313c5b1a0a6faa2e2a5398916bd32c09896a5f205
generated: "2023-01-05T09:32:46.171159683+01:00"
