dependencies:
- name: common
  repository: https://charts.bitnami.com/bitnami
  version: 1.13.0
- name: cassandra
  repository: https://charts.bitnami.com/bitnami
  version: 7.7.3
- name: mysql
  repository: https://charts.bitnami.com/bitnami
  version: 8.9.2
- name: mysql
  repository: https://charts.bitnami.com/bitnami
  version: 8.9.2
- name: redis
  repository: https://charts.bitnami.com/bitnami
  version: 15.7.6
digest: sha256:68abe939341b5711e73f1782e32845983efee99571e36b88da2d71a82a640a7a
generated: "2022-04-25T14:08:11.3138118+02:00"
